// !$*UTF8*$!
{
	archiveVersion = 1;
	classes = {
	};
	objectVersion = 46;
	objects = {
		D7BA7D76DAB5DD13389D6332 = {
			buildActionMask = 2147483647;
			files = (
				);
			generatedFileNames = (
				);
			isa = PBXShellScriptBuildPhase;
			name = "Qt Qmake";
			neededFileNames = (
				);
			shellPath = "/bin/sh";
			shellScript = "make\ -C\ /Users/rohanraja/Documents/OpenSoft/2dpaint\ -f\ \'2dpaint.xcodeproj/qt_makeqmake.mak\'";
		};
		1989362E5E61BBD6E769474F = {
			isa = PBXFileReference;
			name = "CanvasDataGenerator.cpp";
			path = "CanvasDataGenerator.cpp";
			refType = 4;
			sourceTree = "SOURCE_ROOT";
			lastKnownFileType = "sourcecode.cpp.cpp";
		};
		B168B36E7204882519ED70EC = {
			fileRef = "1989362E5E61BBD6E769474F";
			isa = PBXBuildFile;
			settings = {
				ATTRIBUTES = (
					);
			};
		};
		8FF8286F15F3B16FD447847F = {
			isa = PBXFileReference;
			name = "CanvasState.cpp";
			path = "CanvasState.cpp";
			refType = 4;
			sourceTree = "SOURCE_ROOT";
			lastKnownFileType = "sourcecode.cpp.cpp";
		};
		F072E0280A6F926F8FDFF08B = {
			fileRef = "8FF8286F15F3B16FD447847F";
			isa = PBXBuildFile;
			settings = {
				ATTRIBUTES = (
					);
			};
		};
		BC7723FF7F74713E4AFABBB7 = {
			isa = PBXFileReference;
			name = "CanvasStateData.cpp";
			path = "CanvasStateData.cpp";
			refType = 4;
			sourceTree = "SOURCE_ROOT";
			lastKnownFileType = "sourcecode.cpp.cpp";
		};
		4E7F4BFDA0FA4525F80AC5E6 = {
			fileRef = "BC7723FF7F74713E4AFABBB7";
			isa = PBXBuildFile;
			settings = {
				ATTRIBUTES = (
					);
			};
		};
		F07AA9C46A96868C2B4D2CB5 = {
			isa = PBXFileReference;
			name = "CanvasText.cpp";
			path = "CanvasText.cpp";
			refType = 4;
			sourceTree = "SOURCE_ROOT";
			lastKnownFileType = "sourcecode.cpp.cpp";
		};
		C306FF839A517BFCF6A3D6E2 = {
			fileRef = "F07AA9C46A96868C2B4D2CB5";
			isa = PBXBuildFile;
			settings = {
				ATTRIBUTES = (
					);
			};
		};
		13AB30BC7DEF53A80C90F35A = {
			isa = PBXFileReference;
			name = "FunctionInputWindow.cpp";
			path = "FunctionInputWindow.cpp";
			refType = 4;
			sourceTree = "SOURCE_ROOT";
			lastKnownFileType = "sourcecode.cpp.cpp";
		};
		88D182C5FDB6821D590D37D8 = {
			fileRef = "13AB30BC7DEF53A80C90F35A";
			isa = PBXBuildFile;
			settings = {
				ATTRIBUTES = (
					);
			};
		};
		98E15315FCE6A7EEB93F9147 = {
			isa = PBXFileReference;
			name = "Line.cpp";
			path = "Line.cpp";
			refType = 4;
			sourceTree = "SOURCE_ROOT";
			lastKnownFileType = "sourcecode.cpp.cpp";
		};
		15E2368BBD24ABD7FD42DDD6 = {
			fileRef = "98E15315FCE6A7EEB93F9147";
			isa = PBXBuildFile;
			settings = {
				ATTRIBUTES = (
					);
			};
		};
		118FCBAABA162BA17933C789 = {
			isa = PBXFileReference;
			name = "main.cpp";
			path = "main.cpp";
			refType = 4;
			sourceTree = "SOURCE_ROOT";
			lastKnownFileType = "sourcecode.cpp.cpp";
		};
		2B093CA6F071B023A473CED0 = {
			fileRef = "118FCBAABA162BA17933C789";
			isa = PBXBuildFile;
			settings = {
				ATTRIBUTES = (
					);
			};
		};
		4FF6A20EEB069A289176DFAD = {
			isa = PBXFileReference;
			name = "MainCanvas.cpp";
			path = "MainCanvas.cpp";
			refType = 4;
			sourceTree = "SOURCE_ROOT";
			lastKnownFileType = "sourcecode.cpp.cpp";
		};
		2780D8330A79C01E0D1123A2 = {
			fileRef = "4FF6A20EEB069A289176DFAD";
			isa = PBXBuildFile;
			settings = {
				ATTRIBUTES = (
					);
			};
		};
		AEDAD6C0EE0F659248F39403 = {
			isa = PBXFileReference;
			name = "MathFunction.cpp";
			path = "MathFunction.cpp";
			refType = 4;
			sourceTree = "SOURCE_ROOT";
			lastKnownFileType = "sourcecode.cpp.cpp";
		};
		3F367F18B7E41FA2B55F3C7A = {
			fileRef = "AEDAD6C0EE0F659248F39403";
			isa = PBXBuildFile;
			settings = {
				ATTRIBUTES = (
					);
			};
		};
		70A41B4349C803821012EE1E = {
			isa = PBXFileReference;
			name = "Point.cpp";
			path = "Point.cpp";
			refType = 4;
			sourceTree = "SOURCE_ROOT";
			lastKnownFileType = "sourcecode.cpp.cpp";
		};
		4DC2A288150D92700B2067F2 = {
			fileRef = "70A41B4349C803821012EE1E";
			isa = PBXBuildFile;
			settings = {
				ATTRIBUTES = (
					);
			};
		};
		61B89A15ED0EBF77FCADD59A = {
			isa = PBXFileReference;
			name = "Range.cpp";
			path = "Range.cpp";
			refType = 4;
			sourceTree = "SOURCE_ROOT";
			lastKnownFileType = "sourcecode.cpp.cpp";
		};
		D608B689453607BD7A6BB690 = {
			fileRef = "61B89A15ED0EBF77FCADD59A";
			isa = PBXBuildFile;
			settings = {
				ATTRIBUTES = (
					);
			};
		};
		DB7AB3446C8E3EF440F42D80 = {
			isa = PBXFileReference;
			name = "widget.cpp";
			path = "widget.cpp";
			refType = 4;
			sourceTree = "SOURCE_ROOT";
			lastKnownFileType = "sourcecode.cpp.cpp";
		};
		02D60937BDA24E3ABB606E42 = {
			fileRef = "DB7AB3446C8E3EF440F42D80";
			isa = PBXBuildFile;
			settings = {
				ATTRIBUTES = (
					);
			};
		};
		22B8EB497DD4812281107EF2 = {
			isa = PBXFileReference;
			name = "window.cpp";
			path = "window.cpp";
			refType = 4;
			sourceTree = "SOURCE_ROOT";
			lastKnownFileType = "sourcecode.cpp.cpp";
		};
		FC203E8953C53F09233D0CFC = {
			fileRef = "22B8EB497DD4812281107EF2";
			isa = PBXBuildFile;
			settings = {
				ATTRIBUTES = (
					);
			};
		};
		670336822DD277656B65CD96 = {
			isa = PBXFileReference;
			name = "moc_CanvasState.cpp";
			path = "moc_CanvasState.cpp";
			refType = 4;
			sourceTree = "SOURCE_ROOT";
			lastKnownFileType = "sourcecode.cpp.cpp";
		};
		7569EE970450143D72B06EEF = {
			fileRef = "670336822DD277656B65CD96";
			isa = PBXBuildFile;
			settings = {
				ATTRIBUTES = (
					);
			};
		};
		2DF920268DAA14528A43B506 = {
			isa = PBXFileReference;
			name = "moc_FunctionInputWindow.cpp";
			path = "moc_FunctionInputWindow.cpp";
			refType = 4;
			sourceTree = "SOURCE_ROOT";
			lastKnownFileType = "sourcecode.cpp.cpp";
		};
		D2ACB67A4E2905FEA6F1B257 = {
			fileRef = "2DF920268DAA14528A43B506";
			isa = PBXBuildFile;
			settings = {
				ATTRIBUTES = (
					);
			};
		};
		6278B040C35C78324AB8F098 = {
			isa = PBXFileReference;
			name = "moc_widget.cpp";
			path = "moc_widget.cpp";
			refType = 4;
			sourceTree = "SOURCE_ROOT";
			lastKnownFileType = "sourcecode.cpp.cpp";
		};
		EE433C6E873A077601F75D8F = {
			fileRef = "6278B040C35C78324AB8F098";
			isa = PBXBuildFile;
			settings = {
				ATTRIBUTES = (
					);
			};
		};
		03CC4BA1004C618C58FF0257 = {
			isa = PBXFileReference;
			name = "moc_window.cpp";
			path = "moc_window.cpp";
			refType = 4;
			sourceTree = "SOURCE_ROOT";
			lastKnownFileType = "sourcecode.cpp.cpp";
		};
		A8726DBAB1708155C13A0A2A = {
			fileRef = "03CC4BA1004C618C58FF0257";
			isa = PBXBuildFile;
			settings = {
				ATTRIBUTES = (
					);
			};
		};
		BB92E64D2F48B3AEFA48EEE4 = {
			isa = PBXFileReference;
			name = "ui_FunctionInputWindow.h";
			path = "ui_FunctionInputWindow.h";
			refType = 4;
			sourceTree = "SOURCE_ROOT";
		};
		E9B3A0B86F28ECF23427DCD2 = {
			isa = PBXFileReference;
			name = "CanvasDataGenerator.h";
			path = "CanvasDataGenerator.h";
			refType = 4;
			sourceTree = "SOURCE_ROOT";
		};
		6D3537862C7E6EC32804C0C2 = {
			isa = PBXFileReference;
			name = "CanvasState.h";
			path = "CanvasState.h";
			refType = 4;
			sourceTree = "SOURCE_ROOT";
		};
		F329BF28B02CF736451C4A32 = {
			isa = PBXFileReference;
			name = "CanvasStateData.h";
			path = "CanvasStateData.h";
			refType = 4;
			sourceTree = "SOURCE_ROOT";
		};
		690E129D7C28C53E33B8880A = {
			isa = PBXFileReference;
			name = "CanvasText.h";
			path = "CanvasText.h";
			refType = 4;
			sourceTree = "SOURCE_ROOT";
		};
		12E3A86526ADC2D89F4391B2 = {
			isa = PBXFileReference;
			name = "CoordinateSystem.h";
			path = "CoordinateSystem.h";
			refType = 4;
			sourceTree = "SOURCE_ROOT";
		};
		68D0508E5CB2371BA31B95CA = {
			isa = PBXFileReference;
			name = "FunctionInputWindow.h";
			path = "FunctionInputWindow.h";
			refType = 4;
			sourceTree = "SOURCE_ROOT";
		};
		B46B4F49ECCC64AB6499DED2 = {
			isa = PBXFileReference;
			name = "Line.h";
			path = "Line.h";
			refType = 4;
			sourceTree = "SOURCE_ROOT";
		};
		15C6750C960D9F9A117E473E = {
			isa = PBXFileReference;
			name = "MainCanvas.h";
			path = "MainCanvas.h";
			refType = 4;
			sourceTree = "SOURCE_ROOT";
		};
		419E48E5EB6977856DA44A1A = {
			isa = PBXFileReference;
			name = "MathFunction.h";
			path = "MathFunction.h";
			refType = 4;
			sourceTree = "SOURCE_ROOT";
		};
		5191F00FA59CDD8135B64CA1 = {
			isa = PBXFileReference;
			name = "Point.h";
			path = "Point.h";
			refType = 4;
			sourceTree = "SOURCE_ROOT";
		};
		2F9E04FFEF648961061AE299 = {
			isa = PBXFileReference;
			name = "Range.h";
			path = "Range.h";
			refType = 4;
			sourceTree = "SOURCE_ROOT";
		};
		49015FBE24F188C3EA973ECD = {
			isa = PBXFileReference;
			name = "widget.h";
			path = "widget.h";
			refType = 4;
			sourceTree = "SOURCE_ROOT";
		};
		2B601351BBFD3F9918188CF7 = {
			isa = PBXFileReference;
			name = "window.h";
			path = "window.h";
			refType = 4;
			sourceTree = "SOURCE_ROOT";
		};
		B14ABB0AA7604546A3BDA130 = {
			isa = PBXFileReference;
			name = "2dpaint.pro";
			path = "2dpaint.pro";
			refType = 4;
			sourceTree = "SOURCE_ROOT";
		};
		0017A40F798267B14DC6F6A4 = {
			isa = PBXFileReference;
			name = "FunctionInputWindow.ui";
			path = "FunctionInputWindow.ui";
			refType = 4;
			sourceTree = "SOURCE_ROOT";
		};
		DFA4206B0E82398329B1BDF9 = {
			fileRef = "0017A40F798267B14DC6F6A4";
			isa = PBXBuildFile;
			settings = {
				ATTRIBUTES = (
					);
			};
		};
		883D7615C4D2DE3FA1218F12 = {
			isa = PBXGroup;
			children = (
				"E9B3A0B86F28ECF23427DCD2",
				"6D3537862C7E6EC32804C0C2",
				"F329BF28B02CF736451C4A32",
				"690E129D7C28C53E33B8880A",
				"12E3A86526ADC2D89F4391B2",
				"68D0508E5CB2371BA31B95CA",
				"B46B4F49ECCC64AB6499DED2",
				"15C6750C960D9F9A117E473E",
				"419E48E5EB6977856DA44A1A",
				"5191F00FA59CDD8135B64CA1",
				"2F9E04FFEF648961061AE299",
				"49015FBE24F188C3EA973ECD",
				"2B601351BBFD3F9918188CF7");
			name = "Headers";
			refType = 4;
			sourceTree = "<Group>";
		};
		FB61758D0F0FDA4BA867C3D5 = {
			isa = PBXGroup;
			children = (
				"1989362E5E61BBD6E769474F",
				"8FF8286F15F3B16FD447847F",
				"BC7723FF7F74713E4AFABBB7",
				"F07AA9C46A96868C2B4D2CB5",
				"13AB30BC7DEF53A80C90F35A",
				"98E15315FCE6A7EEB93F9147",
				"118FCBAABA162BA17933C789",
				"4FF6A20EEB069A289176DFAD",
				"AEDAD6C0EE0F659248F39403",
				"70A41B4349C803821012EE1E",
				"61B89A15ED0EBF77FCADD59A",
				"DB7AB3446C8E3EF440F42D80",
				"22B8EB497DD4812281107EF2");
			name = "Sources";
			refType = 4;
			sourceTree = "<Group>";
		};
		EEC299C65D5017EB9DD513B0 = {
			isa = PBXGroup;
			children = (
				"0017A40F798267B14DC6F6A4");
			name = "Sources [UIC]";
			refType = 4;
			sourceTree = "<Group>";
		};
		7CABE3C80E79AD2B307756D2 = {
			isa = PBXGroup;
			children = (
				"B14ABB0AA7604546A3BDA130");
			name = "Sources [qmake]";
			refType = 4;
			sourceTree = "<Group>";
		};
		46E892BBB6BB6952967E0561 = {
			isa = PBXGroup;
			children = (
				"670336822DD277656B65CD96",
				"2DF920268DAA14528A43B506",
				"6278B040C35C78324AB8F098",
				"03CC4BA1004C618C58FF0257",
				"BB92E64D2F48B3AEFA48EEE4");
			name = "Temporary Sources";
			refType = 4;
			sourceTree = "<Group>";
		};
		A0A52A2ADF7A1E2A99738674 = {
			buildActionMask = 2147483647;
			files = (
				);
			generatedFileNames = (
				"B168B36E7204882519ED70EC",
				"F072E0280A6F926F8FDFF08B",
				"4E7F4BFDA0FA4525F80AC5E6",
				"C306FF839A517BFCF6A3D6E2",
				"88D182C5FDB6821D590D37D8",
				"15E2368BBD24ABD7FD42DDD6",
				"2B093CA6F071B023A473CED0",
				"2780D8330A79C01E0D1123A2",
				"3F367F18B7E41FA2B55F3C7A",
				"4DC2A288150D92700B2067F2",
				"D608B689453607BD7A6BB690",
				"02D60937BDA24E3ABB606E42",
				"FC203E8953C53F09233D0CFC",
				"7569EE970450143D72B06EEF",
				"D2ACB67A4E2905FEA6F1B257",
				"EE433C6E873A077601F75D8F",
				"A8726DBAB1708155C13A0A2A");
			isa = PBXShellScriptBuildPhase;
			name = "Qt Preprocessors";
			neededFileNames = (
				"B168B36E7204882519ED70EC",
				"F072E0280A6F926F8FDFF08B",
				"4E7F4BFDA0FA4525F80AC5E6",
				"C306FF839A517BFCF6A3D6E2",
				"88D182C5FDB6821D590D37D8",
				"15E2368BBD24ABD7FD42DDD6",
				"2B093CA6F071B023A473CED0",
				"2780D8330A79C01E0D1123A2",
				"3F367F18B7E41FA2B55F3C7A",
				"4DC2A288150D92700B2067F2",
				"D608B689453607BD7A6BB690",
				"02D60937BDA24E3ABB606E42",
				"FC203E8953C53F09233D0CFC",
				"7569EE970450143D72B06EEF",
				"D2ACB67A4E2905FEA6F1B257",
				"EE433C6E873A077601F75D8F",
				"A8726DBAB1708155C13A0A2A");
			shellPath = "/bin/sh";
			shellScript = "make\ -C\ /Users/rohanraja/Documents/OpenSoft/2dpaint\ -f\ \'2dpaint.xcodeproj/qt_preprocess.mak\'";
		};
		C29B8785722055ED95EF7B57 = {
			buildActionMask = 2147483647;
			files = (
				"B168B36E7204882519ED70EC",
				"F072E0280A6F926F8FDFF08B",
				"4E7F4BFDA0FA4525F80AC5E6",
				"C306FF839A517BFCF6A3D6E2",
				"88D182C5FDB6821D590D37D8",
				"15E2368BBD24ABD7FD42DDD6",
				"2B093CA6F071B023A473CED0",
				"2780D8330A79C01E0D1123A2",
				"3F367F18B7E41FA2B55F3C7A",
				"4DC2A288150D92700B2067F2",
				"D608B689453607BD7A6BB690",
				"02D60937BDA24E3ABB606E42",
				"FC203E8953C53F09233D0CFC",
				"7569EE970450143D72B06EEF",
				"D2ACB67A4E2905FEA6F1B257",
				"EE433C6E873A077601F75D8F",
				"A8726DBAB1708155C13A0A2A");
			isa = PBXSourcesBuildPhase;
			name = "Build Sources";
		};
		016B0949A417F07816C9304A = {
			isa = PBXFileReference;
			name = "QtGui.framework";
			path = "/usr/local/Cellar/qt/4.8.6/lib/QtGui.framework";
			refType = 0;
			sourceTree = "<absolute>";
			lastKnownFileType = "wrapper.framework";
		};
		40434D2D87215F96B5865B15 = {
			fileRef = "016B0949A417F07816C9304A";
			isa = PBXBuildFile;
			settings = {
			};
		};
		4CCBAF4988F7A032A2009181 = {
			isa = PBXFileReference;
			name = "QtCore.framework";
			path = "/usr/local/Cellar/qt/4.8.6/lib/QtCore.framework";
			refType = 0;
			sourceTree = "<absolute>";
			lastKnownFileType = "wrapper.framework";
		};
		325F6FF378F6DD8CF807450C = {
			fileRef = "4CCBAF4988F7A032A2009181";
			isa = PBXBuildFile;
			settings = {
			};
		};
		ED1E82605DD74B483AF3C982 = {
			children = (
				"016B0949A417F07816C9304A",
				"4CCBAF4988F7A032A2009181");
			isa = PBXGroup;
			name = "External Frameworks and Libraries";
			path = "";
			refType = 4;
			sourceTree = "<Group>";
		};
		2A1043669E6E5A7426EA502A = {
			buildActionMask = 2147483647;
			files = (
				"40434D2D87215F96B5865B15",
				"325F6FF378F6DD8CF807450C");
			isa = PBXFrameworksBuildPhase;
			name = "Frameworks & Libraries";
		};
		3787F99312C85FF0073FD7BA = {
			buildActionMask = 2147483647;
			files = (
			);
			isa = PBXResourcesBuildPhase;
			name = "Bundle Resources";
		};
		05596AB53D8D521C69802C27 = {
			children = (
				"FB61758D0F0FDA4BA867C3D5",
				"46E892BBB6BB6952967E0561",
				"883D7615C4D2DE3FA1218F12",
				"7CABE3C80E79AD2B307756D2",
				"EEC299C65D5017EB9DD513B0",
				"ED1E82605DD74B483AF3C982");
			isa = PBXGroup;
			name = "2dpaint";
			path = "";
			refType = 4;
			sourceTree = "<Group>";
		};
		705C37509155E0BC7F671AD3 = {
			isa = PBXFileReference;
			explicitFileType = "wrapper.application";
			path = "2dpaint.app";
			refType = 3;
			sourceTree = BUILT_PRODUCTS_DIR;
		};
		068F80C7519D0528FB08E821 = {
			children = (
				"705C37509155E0BC7F671AD3");
			isa = PBXGroup;
			name = "Products";
			refType = 4;
		};
		05656470F94F3C434055DFC6 = {
			buildPhases = (
				"D7BA7D76DAB5DD13389D6332",
				"A0A52A2ADF7A1E2A99738674",
				"C29B8785722055ED95EF7B57",
				"2A1043669E6E5A7426EA502A",
				"3787F99312C85FF0073FD7BA");
			buildSettings = {
				CC = "/usr/bin/gcc";
				CPLUSPLUS = "/usr/bin/g++";
				LEXFLAGS = "";
				YACCFLAGS = "-d";
				OTHER_REZFLAGS = "";
				SECTORDER_FLAGS = "";
				WARNING_CFLAGS = "";
				PREBINDING = NO;
				INFOPLIST_FILE = "Info.plist";
				BUILD_ROOT = "/Users/rohanraja/Documents/OpenSoft/2dpaint";
				OTHER_LDFLAGS = (
						"-headerpad_max_install_names",
						"-L/usr/local/Cellar/qt/4.8.6/lib",
						"-F/usr/local/Cellar/qt/4.8.6/lib",
						"-L/usr/local/Cellar/qt/4.8.6/lib",
						"-F/usr/local/Cellar/qt/4.8.6/lib");
				DYLIB_CURRENT_VERSION = "1.0.0";
				DYLIB_COMPATIBILITY_VERSION = "1.0";
				MACOSX_DEPLOYMENT_TARGET = "10.4";
				PRODUCT_NAME = "2dpaint";
			};
			conditionalBuildSettings = {
			};
			dependencies = (
				);
			productReference = "705C37509155E0BC7F671AD3";
			shouldUseHeadermap = 1;
			buildConfigurationList = 17B3380A4D6A7D415E7F2E1E;
			isa = PBXNativeTarget;
			productType = "com.apple.product-type.application";
			productSettingsXML = "<?xml version=\"1.0\" encoding=\"UTF-8\"?>
<!DOCTYPE plist SYSTEM \"file://localhost/System/Library/DTDs/PropertyList.dtd\">
<plist version=\"0.9\">
<dict>
	<key>NSPrincipalClass</key>
	<string>NSApplication</string>
	<key>CFBundleIconFile</key>
	<string></string>
	<key>CFBundlePackageType</key>
	<string>APPL</string>
 	<key>CFBundleGetInfoString</key>
	<string>Created by Qt/QMake</string>
	<key>CFBundleSignature</key>
	<string>????</string>
	<key>CFBundleExecutable</key>
	<string>2dpaint</string>
	<key>CFBundleIdentifier</key>
	<string>com.yourcompany.2dpaint</string>
	<key>NOTE</key>
	<string>This file was generated by Qt/QMake.</string>
</dict>
</plist>
";
			name = "2dpaint";
			productName = "2dpaint";
			startupPath = "<<ProjectDirectory>>";
		};
		4B72B24813252891014BCF61 = {
			isa = XCBuildConfiguration;
			buildSettings = {
				COPY_PHASE_STRIP = "NO";
				GCC_GENERATE_DEBUGGING_SYMBOLS = "YES";
				GCC_OPTIMIZATION_LEVEL = "0";
				PRODUCT_NAME = "2dpaint";
				HEADER_SEARCH_PATHS = (
					"/usr/local/Cellar/qt/4.8.6/lib/QtCore.framework/Versions/4/Headers",
					"/usr/local/Cellar/qt/4.8.6/lib/QtCore.framework/Versions/4/Headers",
					"/usr/local/Cellar/qt/4.8.6/lib/QtGui.framework/Versions/4/Headers",
					"/usr/local/Cellar/qt/4.8.6/lib/QtGui.framework/Versions/4/Headers",
					"/usr/local/Cellar/qt/4.8.6/include",
					".",
					".",
					".",
					"/usr/local/include",
					"/System/Library/Frameworks/CarbonCore.framework/Headers",
					"/usr/local/Cellar/qt/4.8.6/mkspecs/macx-xcode");
				LIBRARY_SEARCH_PATHS = (
					"/usr/local/Cellar/qt/4.8.6/lib",
					"/usr/local/Cellar/qt/4.8.6/lib");
				FRAMEWORK_SEARCH_PATHS = (
					"/usr/local/Cellar/qt/4.8.6/lib",
					"/usr/local/Cellar/qt/4.8.6/lib",
					"/usr/local/Cellar/qt/4.8.6/lib");
				INFOPLIST_FILE = "Info.plist";
				OTHER_CFLAGS = (
					"-pipe",
					"-O2",
					"-Wall",
					"-W",
					"-DQT_NO_DEBUG",
					"-DQT_GUI_LIB",
					"-DQT_CORE_LIB",
					"-DQT_SHARED");
				OTHER_CPLUSPLUSFLAGS = (
					"-pipe",
					"-O2",
					"-Wall",
					"-W",
					"-DQT_NO_DEBUG",
					"-DQT_GUI_LIB",
					"-DQT_CORE_LIB",
					"-DQT_SHARED");
				OTHER_LDFLAGS = (
						"-headerpad_max_install_names",
						"-L/usr/local/Cellar/qt/4.8.6/lib",
						"-F/usr/local/Cellar/qt/4.8.6/lib",
						"-L/usr/local/Cellar/qt/4.8.6/lib",
						"-F/usr/local/Cellar/qt/4.8.6/lib");
				ARCHS = "x86_64";
			};
			name = "Debug";
		};
		BEC09A62E69C3553534FF35E = {
			isa = XCBuildConfiguration;
			buildSettings = {
				COPY_PHASE_STRIP = "NO";
				GCC_GENERATE_DEBUGGING_SYMBOLS = "YES";
				GCC_OPTIMIZATION_LEVEL = "0";
				PRODUCT_NAME = "2dpaint";
				PRODUCT_NAME = "2dpaint";
			};
			name = "Debug";
		};
		2C641C3335766025DD51B7BD = {
			buildRules = (
				);
			buildSettings = {
				COPY_PHASE_STRIP = "NO";
				GCC_GENERATE_DEBUGGING_SYMBOLS = "YES";
				GCC_OPTIMIZATION_LEVEL = "0";
				PRODUCT_NAME = "2dpaint";
			};
			isa = "PBXBuildStyle";
			name = "Debug";
		};
		D70590BEB531B51029F711BB = {
			isa = XCBuildConfiguration;
			buildSettings = {
				COPY_PHASE_STRIP = "YES";
				GCC_GENERATE_DEBUGGING_SYMBOLS = "NO";
				PRODUCT_NAME = "2dpaint";
				HEADER_SEARCH_PATHS = (
					"/usr/local/Cellar/qt/4.8.6/lib/QtCore.framework/Versions/4/Headers",
					"/usr/local/Cellar/qt/4.8.6/lib/QtCore.framework/Versions/4/Headers",
					"/usr/local/Cellar/qt/4.8.6/lib/QtGui.framework/Versions/4/Headers",
					"/usr/local/Cellar/qt/4.8.6/lib/QtGui.framework/Versions/4/Headers",
					"/usr/local/Cellar/qt/4.8.6/include",
					".",
					".",
					".",
					"/usr/local/include",
					"/System/Library/Frameworks/CarbonCore.framework/Headers",
					"/usr/local/Cellar/qt/4.8.6/mkspecs/macx-xcode");
				LIBRARY_SEARCH_PATHS = (
					"/usr/local/Cellar/qt/4.8.6/lib",
					"/usr/local/Cellar/qt/4.8.6/lib");
				FRAMEWORK_SEARCH_PATHS = (
					"/usr/local/Cellar/qt/4.8.6/lib",
					"/usr/local/Cellar/qt/4.8.6/lib",
					"/usr/local/Cellar/qt/4.8.6/lib");
				INFOPLIST_FILE = "Info.plist";
				OTHER_CFLAGS = (
					"-pipe",
					"-O2",
					"-Wall",
					"-W",
					"-DQT_NO_DEBUG",
					"-DQT_GUI_LIB",
					"-DQT_CORE_LIB",
					"-DQT_SHARED");
				OTHER_CPLUSPLUSFLAGS = (
					"-pipe",
					"-O2",
					"-Wall",
					"-W",
					"-DQT_NO_DEBUG",
					"-DQT_GUI_LIB",
					"-DQT_CORE_LIB",
					"-DQT_SHARED");
				OTHER_LDFLAGS = (
						"-headerpad_max_install_names",
						"-L/usr/local/Cellar/qt/4.8.6/lib",
						"-F/usr/local/Cellar/qt/4.8.6/lib",
						"-L/usr/local/Cellar/qt/4.8.6/lib",
						"-F/usr/local/Cellar/qt/4.8.6/lib");
				ARCHS = "x86_64";
			};
			name = "Release";
		};
		8C7174830A1E4DCBA0332EC1 = {
			isa = XCBuildConfiguration;
			buildSettings = {
				COPY_PHASE_STRIP = "YES";
				GCC_GENERATE_DEBUGGING_SYMBOLS = "NO";
				PRODUCT_NAME = "2dpaint";
				PRODUCT_NAME = "2dpaint";
			};
			name = "Release";
		};
		26DE8D2AEA4B3714B41E931F = {
			buildRules = (
				);
			buildSettings = {
				COPY_PHASE_STRIP = "YES";
				GCC_GENERATE_DEBUGGING_SYMBOLS = "NO";
				PRODUCT_NAME = "2dpaint";
			};
			isa = "PBXBuildStyle";
			name = "Release";
		};
		CC82A9286117DFED018F418F = {
			isa = XCConfigurationList;
			buildConfigurations = (
				"4B72B24813252891014BCF61",
				"D70590BEB531B51029F711BB");
			defaultConfigurationIsVisible = 0;
			defaultConfigurationIsName = "Release";
		};
		17B3380A4D6A7D415E7F2E1E = {
			isa = XCConfigurationList;
			buildConfigurations = (
				"BEC09A62E69C3553534FF35E",
				"8C7174830A1E4DCBA0332EC1");
			defaultConfigurationIsVisible = 0;
			defaultConfigurationIsName = "Release";
		};
		91B15E841AA80083484172DE = {
			buildStyles = (
				"2C641C3335766025DD51B7BD",
				"26DE8D2AEA4B3714B41E931F");
			hasScannedForEncodings = 1;
			isa = PBXProject;
			mainGroup = "05596AB53D8D521C69802C27";
			buildConfigurationList = "CC82A9286117DFED018F418F";
			projectDirPath = "";
			targets = (
				"05656470F94F3C434055DFC6");
		};
	};
	rootObject = "91B15E841AA80083484172DE";
}
