// !$*UTF8*$!
{
	archiveVersion = 1;
	classes = {
	};
	objectVersion = 42;
	objects = {

/* Begin PBXBuildFile section */
		02D60937BDA24E3ABB606E42 /* widget.cpp in Build Sources */ = {isa = PBXBuildFile; fileRef = DB7AB3446C8E3EF440F42D80 /* widget.cpp */; settings = {ATTRIBUTES = (); }; };
		2B093CA6F071B023A473CED0 /* main.cpp in Build Sources */ = {isa = PBXBuildFile; fileRef = 118FCBAABA162BA17933C789 /* main.cpp */; settings = {ATTRIBUTES = (); }; };
		325F6FF378F6DD8CF807450C /* QtCore.framework in Frameworks & Libraries */ = {isa = PBXBuildFile; fileRef = 4CCBAF4988F7A032A2009181 /* QtCore.framework */; };
		40434D2D87215F96B5865B15 /* QtGui.framework in Frameworks & Libraries */ = {isa = PBXBuildFile; fileRef = 016B0949A417F07816C9304A /* QtGui.framework */; };
		4E7F4BFDA0FA4525F80AC5E6 /* CanvasStateData.cpp in Build Sources */ = {isa = PBXBuildFile; fileRef = BC7723FF7F74713E4AFABBB7 /* CanvasStateData.cpp */; settings = {ATTRIBUTES = (); }; };
		7569EE970450143D72B06EEF /* moc_CanvasState.cpp in Build Sources */ = {isa = PBXBuildFile; fileRef = 670336822DD277656B65CD96 /* moc_CanvasState.cpp */; settings = {ATTRIBUTES = (); }; };
		7657FCB71AC00B9F009A2F75 /* Range.cpp in Build Sources */ = {isa = PBXBuildFile; fileRef = 7657FCB51AC00B9F009A2F75 /* Range.cpp */; };
		7657FCBC1AC00BDB009A2F75 /* MathFunction.cpp in Build Sources */ = {isa = PBXBuildFile; fileRef = 7657FCB81AC00BDB009A2F75 /* MathFunction.cpp */; };
		7657FCBD1AC00BDB009A2F75 /* Point.cpp in Build Sources */ = {isa = PBXBuildFile; fileRef = 7657FCBA1AC00BDB009A2F75 /* Point.cpp */; };
		7657FCC01AC00D63009A2F75 /* CanvasDataGenerator.cpp in Build Sources */ = {isa = PBXBuildFile; fileRef = 7657FCBE1AC00D63009A2F75 /* CanvasDataGenerator.cpp */; };
		7657FCC31AC010AC009A2F75 /* Line.cpp in Build Sources */ = {isa = PBXBuildFile; fileRef = 7657FCC11AC010AC009A2F75 /* Line.cpp */; };
		7657FCC61AC0170B009A2F75 /* CoordinateSystem.cpp in Build Sources */ = {isa = PBXBuildFile; fileRef = 7657FCC41AC0170B009A2F75 /* CoordinateSystem.cpp */; };
		A8726DBAB1708155C13A0A2A /* moc_window.cpp in Build Sources */ = {isa = PBXBuildFile; fileRef = 03CC4BA1004C618C58FF0257 /* moc_window.cpp */; settings = {ATTRIBUTES = (); }; };
		EE433C6E873A077601F75D8F /* moc_widget.cpp in Build Sources */ = {isa = PBXBuildFile; fileRef = 6278B040C35C78324AB8F098 /* moc_widget.cpp */; settings = {ATTRIBUTES = (); }; };
		F072E0280A6F926F8FDFF08B /* CanvasState.cpp in Build Sources */ = {isa = PBXBuildFile; fileRef = 8FF8286F15F3B16FD447847F /* CanvasState.cpp */; settings = {ATTRIBUTES = (); }; };
		FC203E8953C53F09233D0CFC /* window.cpp in Build Sources */ = {isa = PBXBuildFile; fileRef = 22B8EB497DD4812281107EF2 /* window.cpp */; settings = {ATTRIBUTES = (); }; };
/* End PBXBuildFile section */

/* Begin PBXFileReference section */
		016B0949A417F07816C9304A /* QtGui.framework */ = {isa = PBXFileReference; lastKnownFileType = wrapper.framework; name = QtGui.framework; path = /usr/local/Cellar/qt/4.8.6/lib/QtGui.framework; sourceTree = "<absolute>"; };
		03CC4BA1004C618C58FF0257 /* moc_window.cpp */ = {isa = PBXFileReference; lastKnownFileType = sourcecode.cpp.cpp; path = moc_window.cpp; sourceTree = SOURCE_ROOT; };
		118FCBAABA162BA17933C789 /* main.cpp */ = {isa = PBXFileReference; lastKnownFileType = sourcecode.cpp.cpp; path = main.cpp; sourceTree = SOURCE_ROOT; };
		22B8EB497DD4812281107EF2 /* window.cpp */ = {isa = PBXFileReference; lastKnownFileType = sourcecode.cpp.cpp; path = window.cpp; sourceTree = SOURCE_ROOT; };
		2B601351BBFD3F9918188CF7 /* window.h */ = {isa = PBXFileReference; lastKnownFileType = sourcecode.c.h; path = window.h; sourceTree = SOURCE_ROOT; };
		49015FBE24F188C3EA973ECD /* widget.h */ = {isa = PBXFileReference; lastKnownFileType = sourcecode.c.h; path = widget.h; sourceTree = SOURCE_ROOT; };
		4CCBAF4988F7A032A2009181 /* QtCore.framework */ = {isa = PBXFileReference; lastKnownFileType = wrapper.framework; name = QtCore.framework; path = /usr/local/Cellar/qt/4.8.6/lib/QtCore.framework; sourceTree = "<absolute>"; };
		6278B040C35C78324AB8F098 /* moc_widget.cpp */ = {isa = PBXFileReference; lastKnownFileType = sourcecode.cpp.cpp; path = moc_widget.cpp; sourceTree = SOURCE_ROOT; };
		670336822DD277656B65CD96 /* moc_CanvasState.cpp */ = {isa = PBXFileReference; lastKnownFileType = sourcecode.cpp.cpp; path = moc_CanvasState.cpp; sourceTree = SOURCE_ROOT; };
		6D3537862C7E6EC32804C0C2 /* CanvasState.h */ = {isa = PBXFileReference; lastKnownFileType = sourcecode.c.h; path = CanvasState.h; sourceTree = SOURCE_ROOT; };
		7657FCAF1AC006EF009A2F75 /* 2dpaint.app */ = {isa = PBXFileReference; explicitFileType = wrapper.application; includeInIndex = 0; path = 2dpaint.app; sourceTree = BUILT_PRODUCTS_DIR; };
		7657FCB51AC00B9F009A2F75 /* Range.cpp */ = {isa = PBXFileReference; fileEncoding = 4; lastKnownFileType = sourcecode.cpp.cpp; path = Range.cpp; sourceTree = SOURCE_ROOT; };
		7657FCB61AC00B9F009A2F75 /* Range.h */ = {isa = PBXFileReference; fileEncoding = 4; lastKnownFileType = sourcecode.c.h; path = Range.h; sourceTree = SOURCE_ROOT; };
		7657FCB81AC00BDB009A2F75 /* MathFunction.cpp */ = {isa = PBXFileReference; fileEncoding = 4; lastKnownFileType = sourcecode.cpp.cpp; path = MathFunction.cpp; sourceTree = SOURCE_ROOT; };
		7657FCB91AC00BDB009A2F75 /* MathFunction.h */ = {isa = PBXFileReference; fileEncoding = 4; lastKnownFileType = sourcecode.c.h; path = MathFunction.h; sourceTree = SOURCE_ROOT; };
		7657FCBA1AC00BDB009A2F75 /* Point.cpp */ = {isa = PBXFileReference; fileEncoding = 4; lastKnownFileType = sourcecode.cpp.cpp; path = Point.cpp; sourceTree = SOURCE_ROOT; };
		7657FCBB1AC00BDB009A2F75 /* Point.h */ = {isa = PBXFileReference; fileEncoding = 4; lastKnownFileType = sourcecode.c.h; path = Point.h; sourceTree = SOURCE_ROOT; };
		7657FCBE1AC00D63009A2F75 /* CanvasDataGenerator.cpp */ = {isa = PBXFileReference; fileEncoding = 4; lastKnownFileType = sourcecode.cpp.cpp; path = CanvasDataGenerator.cpp; sourceTree = SOURCE_ROOT; };
		7657FCBF1AC00D63009A2F75 /* CanvasDataGenerator.h */ = {isa = PBXFileReference; fileEncoding = 4; lastKnownFileType = sourcecode.c.h; path = CanvasDataGenerator.h; sourceTree = SOURCE_ROOT; };
		7657FCC11AC010AC009A2F75 /* Line.cpp */ = {isa = PBXFileReference; fileEncoding = 4; lastKnownFileType = sourcecode.cpp.cpp; path = Line.cpp; sourceTree = SOURCE_ROOT; };
		7657FCC21AC010AC009A2F75 /* Line.h */ = {isa = PBXFileReference; fileEncoding = 4; lastKnownFileType = sourcecode.c.h; path = Line.h; sourceTree = SOURCE_ROOT; };
		7657FCC41AC0170B009A2F75 /* CoordinateSystem.cpp */ = {isa = PBXFileReference; fileEncoding = 4; lastKnownFileType = sourcecode.cpp.cpp; path = CoordinateSystem.cpp; sourceTree = SOURCE_ROOT; };
		7657FCC51AC0170B009A2F75 /* CoordinateSystem.h */ = {isa = PBXFileReference; fileEncoding = 4; lastKnownFileType = sourcecode.c.h; path = CoordinateSystem.h; sourceTree = SOURCE_ROOT; };
		8FF8286F15F3B16FD447847F /* CanvasState.cpp */ = {isa = PBXFileReference; lastKnownFileType = sourcecode.cpp.cpp; path = CanvasState.cpp; sourceTree = SOURCE_ROOT; };
		B14ABB0AA7604546A3BDA130 /* 2dpaint.pro */ = {isa = PBXFileReference; lastKnownFileType = text; path = 2dpaint.pro; sourceTree = SOURCE_ROOT; };
		BC7723FF7F74713E4AFABBB7 /* CanvasStateData.cpp */ = {isa = PBXFileReference; lastKnownFileType = sourcecode.cpp.cpp; path = CanvasStateData.cpp; sourceTree = SOURCE_ROOT; };
		DB7AB3446C8E3EF440F42D80 /* widget.cpp */ = {isa = PBXFileReference; lastKnownFileType = sourcecode.cpp.cpp; path = widget.cpp; sourceTree = SOURCE_ROOT; };
		F329BF28B02CF736451C4A32 /* CanvasStateData.h */ = {isa = PBXFileReference; lastKnownFileType = sourcecode.c.h; path = CanvasStateData.h; sourceTree = SOURCE_ROOT; };
/* End PBXFileReference section */

/* Begin PBXFrameworksBuildPhase section */
		2A1043669E6E5A7426EA502A /* Frameworks & Libraries */ = {
			isa = PBXFrameworksBuildPhase;
			buildActionMask = 2147483647;
			files = (
				40434D2D87215F96B5865B15 /* QtGui.framework in Frameworks & Libraries */,
				325F6FF378F6DD8CF807450C /* QtCore.framework in Frameworks & Libraries */,
			);
			name = "Frameworks & Libraries";
			runOnlyForDeploymentPostprocessing = 0;
		};
/* End PBXFrameworksBuildPhase section */

/* Begin PBXGroup section */
		05596AB53D8D521C69802C27 /* 2dpaint */ = {
			isa = PBXGroup;
			children = (
				7657FCC41AC0170B009A2F75 /* CoordinateSystem.cpp */,
				7657FCC51AC0170B009A2F75 /* CoordinateSystem.h */,
				7657FCC11AC010AC009A2F75 /* Line.cpp */,
				7657FCC21AC010AC009A2F75 /* Line.h */,
				7657FCBE1AC00D63009A2F75 /* CanvasDataGenerator.cpp */,
				7657FCBF1AC00D63009A2F75 /* CanvasDataGenerator.h */,
				7657FCB81AC00BDB009A2F75 /* MathFunction.cpp */,
				7657FCB91AC00BDB009A2F75 /* MathFunction.h */,
				7657FCBA1AC00BDB009A2F75 /* Point.cpp */,
				7657FCBB1AC00BDB009A2F75 /* Point.h */,
				7657FCB51AC00B9F009A2F75 /* Range.cpp */,
				7657FCB61AC00B9F009A2F75 /* Range.h */,
				FB61758D0F0FDA4BA867C3D5 /* Sources */,
				46E892BBB6BB6952967E0561 /* Temporary Sources */,
				883D7615C4D2DE3FA1218F12 /* Headers */,
				7CABE3C80E79AD2B307756D2 /* Sources [qmake] */,
				ED1E82605DD74B483AF3C982 /* External Frameworks and Libraries */,
				7657FCB01AC006EF009A2F75 /* Products */,
			);
			name = 2dpaint;
			sourceTree = "<Group>";
		};
		46E892BBB6BB6952967E0561 /* Temporary Sources */ = {
			isa = PBXGroup;
			children = (
				670336822DD277656B65CD96 /* moc_CanvasState.cpp */,
				6278B040C35C78324AB8F098 /* moc_widget.cpp */,
				03CC4BA1004C618C58FF0257 /* moc_window.cpp */,
			);
			name = "Temporary Sources";
			sourceTree = "<Group>";
		};
		7657FCB01AC006EF009A2F75 /* Products */ = {
			isa = PBXGroup;
			children = (
				7657FCAF1AC006EF009A2F75 /* 2dpaint.app */,
			);
			name = Products;
			sourceTree = "<group>";
		};
		7CABE3C80E79AD2B307756D2 /* Sources [qmake] */ = {
			isa = PBXGroup;
			children = (
				B14ABB0AA7604546A3BDA130 /* 2dpaint.pro */,
			);
			name = "Sources [qmake]";
			sourceTree = "<Group>";
		};
		883D7615C4D2DE3FA1218F12 /* Headers */ = {
			isa = PBXGroup;
			children = (
				6D3537862C7E6EC32804C0C2 /* CanvasState.h */,
				F329BF28B02CF736451C4A32 /* CanvasStateData.h */,
				49015FBE24F188C3EA973ECD /* widget.h */,
				2B601351BBFD3F9918188CF7 /* window.h */,
			);
			name = Headers;
			sourceTree = "<Group>";
		};
		ED1E82605DD74B483AF3C982 /* External Frameworks and Libraries */ = {
			isa = PBXGroup;
			children = (
				016B0949A417F07816C9304A /* QtGui.framework */,
				4CCBAF4988F7A032A2009181 /* QtCore.framework */,
			);
			name = "External Frameworks and Libraries";
			sourceTree = "<Group>";
		};
		FB61758D0F0FDA4BA867C3D5 /* Sources */ = {
			isa = PBXGroup;
			children = (
				8FF8286F15F3B16FD447847F /* CanvasState.cpp */,
				BC7723FF7F74713E4AFABBB7 /* CanvasStateData.cpp */,
				118FCBAABA162BA17933C789 /* main.cpp */,
				DB7AB3446C8E3EF440F42D80 /* widget.cpp */,
				22B8EB497DD4812281107EF2 /* window.cpp */,
			);
			name = Sources;
			sourceTree = "<Group>";
		};
/* End PBXGroup section */

/* Begin PBXNativeTarget section */
		05656470F94F3C434055DFC6 /* 2dpaint */ = {
			isa = PBXNativeTarget;
			buildConfigurationList = 17B3380A4D6A7D415E7F2E1E /* Build configuration list for PBXNativeTarget "2dpaint" */;
			buildPhases = (
				D7BA7D76DAB5DD13389D6332 /* Qt Qmake */,
				A0A52A2ADF7A1E2A99738674 /* Qt Preprocessors */,
				C29B8785722055ED95EF7B57 /* Build Sources */,
				2A1043669E6E5A7426EA502A /* Frameworks & Libraries */,
				3787F99312C85FF0073FD7BA /* Bundle Resources */,
			);
			buildRules = (
			);
			dependencies = (
			);
			name = 2dpaint;
			productName = 2dpaint;
			productReference = 7657FCAF1AC006EF009A2F75 /* 2dpaint.app */;
			productType = "com.apple.product-type.application";
		};
/* End PBXNativeTarget section */

/* Begin PBXProject section */
		91B15E841AA80083484172DE /* Project object */ = {
			isa = PBXProject;
			attributes = {
			};
			buildConfigurationList = CC82A9286117DFED018F418F /* Build configuration list for PBXProject "2dpaint" */;
			compatibilityVersion = "Xcode 2.4";
			developmentRegion = English;
			hasScannedForEncodings = 1;
			knownRegions = (
				en,
			);
			mainGroup = 05596AB53D8D521C69802C27 /* 2dpaint */;
			productRefGroup = 7657FCB01AC006EF009A2F75 /* Products */;
			projectDirPath = "";
			projectRoot = "";
			targets = (
				05656470F94F3C434055DFC6 /* 2dpaint */,
			);
		};
/* End PBXProject section */

/* Begin PBXResourcesBuildPhase section */
		3787F99312C85FF0073FD7BA /* Bundle Resources */ = {
			isa = PBXResourcesBuildPhase;
			buildActionMask = 2147483647;
			files = (
			);
			name = "Bundle Resources";
			runOnlyForDeploymentPostprocessing = 0;
		};
/* End PBXResourcesBuildPhase section */

/* Begin PBXShellScriptBuildPhase section */
		A0A52A2ADF7A1E2A99738674 /* Qt Preprocessors */ = {
			isa = PBXShellScriptBuildPhase;
			buildActionMask = 2147483647;
			files = (
			);
			name = "Qt Preprocessors";
			runOnlyForDeploymentPostprocessing = 0;
			shellPath = /bin/sh;
			shellScript = "make -C /Users/rohanraja/Documents/OpenSoft/2dpaint -f '2dpaint.xcodeproj/qt_preprocess.mak'";
		};
		D7BA7D76DAB5DD13389D6332 /* Qt Qmake */ = {
			isa = PBXShellScriptBuildPhase;
			buildActionMask = 2147483647;
			files = (
			);
			name = "Qt Qmake";
			runOnlyForDeploymentPostprocessing = 0;
			shellPath = /bin/sh;
			shellScript = "make -C /Users/rohanraja/Documents/OpenSoft/2dpaint -f '2dpaint.xcodeproj/qt_makeqmake.mak'";
		};
/* End PBXShellScriptBuildPhase section */

/* Begin PBXSourcesBuildPhase section */
		C29B8785722055ED95EF7B57 /* Build Sources */ = {
			isa = PBXSourcesBuildPhase;
			buildActionMask = 2147483647;
			files = (
				7657FCC61AC0170B009A2F75 /* CoordinateSystem.cpp in Build Sources */,
				F072E0280A6F926F8FDFF08B /* CanvasState.cpp in Build Sources */,
				7657FCBC1AC00BDB009A2F75 /* MathFunction.cpp in Build Sources */,
				7657FCC31AC010AC009A2F75 /* Line.cpp in Build Sources */,
				4E7F4BFDA0FA4525F80AC5E6 /* CanvasStateData.cpp in Build Sources */,
				2B093CA6F071B023A473CED0 /* main.cpp in Build Sources */,
				7657FCBD1AC00BDB009A2F75 /* Point.cpp in Build Sources */,
				7657FCC01AC00D63009A2F75 /* CanvasDataGenerator.cpp in Build Sources */,
				02D60937BDA24E3ABB606E42 /* widget.cpp in Build Sources */,
				FC203E8953C53F09233D0CFC /* window.cpp in Build Sources */,
				7569EE970450143D72B06EEF /* moc_CanvasState.cpp in Build Sources */,
				EE433C6E873A077601F75D8F /* moc_widget.cpp in Build Sources */,
				A8726DBAB1708155C13A0A2A /* moc_window.cpp in Build Sources */,
				7657FCB71AC00B9F009A2F75 /* Range.cpp in Build Sources */,
			);
			name = "Build Sources";
			runOnlyForDeploymentPostprocessing = 0;
		};
/* End PBXSourcesBuildPhase section */

/* Begin XCBuildConfiguration section */
		4B72B24813252891014BCF61 /* Debug */ = {
			isa = XCBuildConfiguration;
			buildSettings = {
				ARCHS = x86_64;
				COPY_PHASE_STRIP = NO;
				FRAMEWORK_SEARCH_PATHS = (
					/usr/local/Cellar/qt/4.8.6/lib,
					/usr/local/Cellar/qt/4.8.6/lib,
					/usr/local/Cellar/qt/4.8.6/lib,
				);
				GCC_GENERATE_DEBUGGING_SYMBOLS = YES;
				GCC_OPTIMIZATION_LEVEL = 0;
				HEADER_SEARCH_PATHS = (
					/usr/local/Cellar/qt/4.8.6/lib/QtCore.framework/Versions/4/Headers,
					/usr/local/Cellar/qt/4.8.6/lib/QtCore.framework/Versions/4/Headers,
					/usr/local/Cellar/qt/4.8.6/lib/QtGui.framework/Versions/4/Headers,
					/usr/local/Cellar/qt/4.8.6/lib/QtGui.framework/Versions/4/Headers,
					/usr/local/Cellar/qt/4.8.6/include,
					.,
					.,
					/usr/local/include,
					/System/Library/Frameworks/CarbonCore.framework/Headers,
					"/usr/local/Cellar/qt/4.8.6/mkspecs/macx-xcode",
				);
				INFOPLIST_FILE = Info.plist;
				LIBRARY_SEARCH_PATHS = (
					/usr/local/Cellar/qt/4.8.6/lib,
					/usr/local/Cellar/qt/4.8.6/lib,
				);
				OTHER_CFLAGS = (
					"-pipe",
					"-O2",
					"-Wall",
					"-W",
					"-DQT_NO_DEBUG",
					"-DQT_GUI_LIB",
					"-DQT_CORE_LIB",
					"-DQT_SHARED",
				);
				OTHER_CPLUSPLUSFLAGS = (
					"-pipe",
					"-O2",
					"-Wall",
					"-W",
					"-DQT_NO_DEBUG",
					"-DQT_GUI_LIB",
					"-DQT_CORE_LIB",
					"-DQT_SHARED",
				);
				OTHER_LDFLAGS = (
					"-headerpad_max_install_names",
					"-L/usr/local/Cellar/qt/4.8.6/lib",
					"-F/usr/local/Cellar/qt/4.8.6/lib",
					"-L/usr/local/Cellar/qt/4.8.6/lib",
					"-F/usr/local/Cellar/qt/4.8.6/lib",
				);
				PRODUCT_NAME = 2dpaint;
			};
			name = Debug;
		};
		8C7174830A1E4DCBA0332EC1 /* Release */ = {
			isa = XCBuildConfiguration;
			buildSettings = {
				COPY_PHASE_STRIP = YES;
				GCC_GENERATE_DEBUGGING_SYMBOLS = NO;
				PRODUCT_NAME = 2dpaint;
			};
			name = Release;
		};
		BEC09A62E69C3553534FF35E /* Debug */ = {
			isa = XCBuildConfiguration;
			buildSettings = {
				COPY_PHASE_STRIP = NO;
				GCC_GENERATE_DEBUGGING_SYMBOLS = YES;
				GCC_OPTIMIZATION_LEVEL = 0;
				PRODUCT_NAME = 2dpaint;
			};
			name = Debug;
		};
		D70590BEB531B51029F711BB /* Release */ = {
			isa = XCBuildConfiguration;
			buildSettings = {
				ARCHS = x86_64;
				COPY_PHASE_STRIP = YES;
				FRAMEWORK_SEARCH_PATHS = (
					/usr/local/Cellar/qt/4.8.6/lib,
					/usr/local/Cellar/qt/4.8.6/lib,
					/usr/local/Cellar/qt/4.8.6/lib,
				);
				GCC_GENERATE_DEBUGGING_SYMBOLS = NO;
				HEADER_SEARCH_PATHS = (
					/usr/local/Cellar/qt/4.8.6/lib/QtCore.framework/Versions/4/Headers,
					/usr/local/Cellar/qt/4.8.6/lib/QtCore.framework/Versions/4/Headers,
					/usr/local/Cellar/qt/4.8.6/lib/QtGui.framework/Versions/4/Headers,
					/usr/local/Cellar/qt/4.8.6/lib/QtGui.framework/Versions/4/Headers,
					/usr/local/Cellar/qt/4.8.6/include,
					.,
					.,
					/usr/local/include,
					/System/Library/Frameworks/CarbonCore.framework/Headers,
					"/usr/local/Cellar/qt/4.8.6/mkspecs/macx-xcode",
				);
				INFOPLIST_FILE = Info.plist;
				LIBRARY_SEARCH_PATHS = (
					/usr/local/Cellar/qt/4.8.6/lib,
					/usr/local/Cellar/qt/4.8.6/lib,
				);
				OTHER_CFLAGS = (
					"-pipe",
					"-O2",
					"-Wall",
					"-W",
					"-DQT_NO_DEBUG",
					"-DQT_GUI_LIB",
					"-DQT_CORE_LIB",
					"-DQT_SHARED",
				);
				OTHER_CPLUSPLUSFLAGS = (
					"-pipe",
					"-O2",
					"-Wall",
					"-W",
					"-DQT_NO_DEBUG",
					"-DQT_GUI_LIB",
					"-DQT_CORE_LIB",
					"-DQT_SHARED",
				);
				OTHER_LDFLAGS = (
					"-headerpad_max_install_names",
					"-L/usr/local/Cellar/qt/4.8.6/lib",
					"-F/usr/local/Cellar/qt/4.8.6/lib",
					"-L/usr/local/Cellar/qt/4.8.6/lib",
					"-F/usr/local/Cellar/qt/4.8.6/lib",
				);
				PRODUCT_NAME = 2dpaint;
			};
			name = Release;
		};
/* End XCBuildConfiguration section */

/* Begin XCConfigurationList section */
		17B3380A4D6A7D415E7F2E1E /* Build configuration list for PBXNativeTarget "2dpaint" */ = {
			isa = XCConfigurationList;
			buildConfigurations = (
				BEC09A62E69C3553534FF35E /* Debug */,
				8C7174830A1E4DCBA0332EC1 /* Release */,
			);
			defaultConfigurationIsVisible = 0;
			defaultConfigurationName = Release;
		};
		CC82A9286117DFED018F418F /* Build configuration list for PBXProject "2dpaint" */ = {
			isa = XCConfigurationList;
			buildConfigurations = (
				4B72B24813252891014BCF61 /* Debug */,
				D70590BEB531B51029F711BB /* Release */,
			);
			defaultConfigurationIsVisible = 0;
			defaultConfigurationName = Release;
		};
/* End XCConfigurationList section */
	};
	rootObject = 91B15E841AA80083484172DE /* Project object */;
}
